
Microsoft Visual Studio Solution File, Format Version 12.00
# Visual Studio 15
VisualStudioVersion = 15.0.28307.645
MinimumVisualStudioVersion = 10.0.40219.1
Project("{9A19103F-16F7-4668-BE54-9A1E7A4F7556}") = "ToDo_App", "ToDo_App\ToDo_App.csproj", "{D035785E-2532-4589-AC74-D97981414C7A}"
EndProject
Project("{FAE04EC0-301F-11D3-BF4B-00C04F79EFBC}") = "ToDo_App.DataAcess", "ToDo_App.DataAcess\ToDo_App.DataAcess.csproj", "{095019C3-1242-44D8-A99E-344DEDB39C58}"
EndProject
Project("{FAE04EC0-301F-11D3-BF4B-00C04F79EFBC}") = "ToDo_App.Domain", "ToDo_App.Domain\ToDo_App.Domain.csproj", "{D16CE0F1-0B24-4911-9DB8-9CFF581535B4}"
EndProject
Project("{FAE04EC0-301F-11D3-BF4B-00C04F79EFBC}") = "ToDo_App.Services", "ToDo_App.Services\ToDo_App.Services.csproj", "{CC852AF9-30B9-4140-A271-3B526F54EA3F}"
EndProject
Global
	GlobalSection(SolutionConfigurationPlatforms) = preSolution
		Debug|Any CPU = Debug|Any CPU
		Release|Any CPU = Release|Any CPU
	EndGlobalSection
	GlobalSection(ProjectConfigurationPlatforms) = postSolution
		{D035785E-2532-4589-AC74-D97981414C7A}.Debug|Any CPU.ActiveCfg = Debug|Any CPU
		{D035785E-2532-4589-AC74-D97981414C7A}.Debug|Any CPU.Build.0 = Debug|Any CPU
		{D035785E-2532-4589-AC74-D97981414C7A}.Release|Any CPU.ActiveCfg = Release|Any CPU
		{D035785E-2532-4589-AC74-D97981414C7A}.Release|Any CPU.Build.0 = Release|Any CPU
		{095019C3-1242-44D8-A99E-344DEDB39C58}.Debug|Any CPU.ActiveCfg = Debug|Any CPU
		{095019C3-1242-44D8-A99E-344DEDB39C58}.Debug|Any CPU.Build.0 = Debug|Any CPU
		{095019C3-1242-44D8-A99E-344DEDB39C58}.Release|Any CPU.ActiveCfg = Release|Any CPU
		{095019C3-1242-44D8-A99E-344DEDB39C58}.Release|Any CPU.Build.0 = Release|Any CPU
		{D16CE0F1-0B24-4911-9DB8-9CFF581535B4}.Debug|Any CPU.ActiveCfg = Debug|Any CPU
		{D16CE0F1-0B24-4911-9DB8-9CFF581535B4}.Debug|Any CPU.Build.0 = Debug|Any CPU
		{D16CE0F1-0B24-4911-9DB8-9CFF581535B4}.Release|Any CPU.ActiveCfg = Release|Any CPU
		{D16CE0F1-0B24-4911-9DB8-9CFF581535B4}.Release|Any CPU.Build.0 = Release|Any CPU
		{CC852AF9-30B9-4140-A271-3B526F54EA3F}.Debug|Any CPU.ActiveCfg = Debug|Any CPU
		{CC852AF9-30B9-4140-A271-3B526F54EA3F}.Debug|Any CPU.Build.0 = Debug|Any CPU
		{CC852AF9-30B9-4140-A271-3B526F54EA3F}.Release|Any CPU.ActiveCfg = Release|Any CPU
		{CC852AF9-30B9-4140-A271-3B526F54EA3F}.Release|Any CPU.Build.0 = Release|Any CPU
	EndGlobalSection
	GlobalSection(SolutionProperties) = preSolution
		HideSolutionNode = FALSE
	EndGlobalSection
	GlobalSection(ExtensibilityGlobals) = postSolution
		SolutionGuid = {CEE4C96C-EB12-4596-A86F-ED2239EF716C}
	EndGlobalSection
EndGlobal
